
Microsoft Visual Studio Solution File, Format Version 12.00
# Visual Studio Version 17
VisualStudioVersion = 17.9.34622.214
MinimumVisualStudioVersion = 10.0.40219.1
Project("{FAE04EC0-301F-11D3-BF4B-00C04F79EFBC}") = "EnumCollections", "EnumCollections\EnumCollections.csproj", "{E929C0F8-3C92-455A-9A87-1A52A599C225}"
EndProject
Global
	GlobalSection(SolutionConfigurationPlatforms) = preSolution
		Debug|Any CPU = Debug|Any CPU
		Release|Any CPU = Release|Any CPU
	EndGlobalSection
	GlobalSection(ProjectConfigurationPlatforms) = postSolution
		{E929C0F8-3C92-455A-9A87-1A52A599C225}.Debug|Any CPU.ActiveCfg = Debug|Any CPU
		{E929C0F8-3C92-455A-9A87-1A52A599C225}.Debug|Any CPU.Build.0 = Debug|Any CPU
		{E929C0F8-3C92-455A-9A87-1A52A599C225}.Release|Any CPU.ActiveCfg = Release|Any CPU
		{E929C0F8-3C92-455A-9A87-1A52A599C225}.Release|Any CPU.Build.0 = Release|Any CPU
	EndGlobalSection
	GlobalSection(SolutionProperties) = preSolution
		HideSolutionNode = FALSE
	EndGlobalSection
	GlobalSection(ExtensibilityGlobals) = postSolution
		SolutionGuid = {3263CFE9-B0DA-4C31-858C-1699E3834830}
	EndGlobalSection
EndGlobal
